dependencies:
- name: postgresql
  repository: oci://registry-1.docker.io/bitnamicharts
  version: 15.1.4
- name: common
  repository: oci://registry-1.docker.io/bitnamicharts
  version: 2.19.1
digest: sha256:09d15192f34317b6c919d6923d202224f620264faf2fe69bb9fccbde242e2a61
generated: "2024-03-28T03:23:24.81442517Z"
