dependencies:
- name: postgresql
  repository: oci://registry-1.docker.io/bitnamicharts
  version: 15.5.12
- name: common
  repository: oci://registry-1.docker.io/bitnamicharts
  version: 2.20.3
digest: sha256:998dc6ecebb993ddf4a6692297630c57ce480451bd038adb7c0b61cede781faa
generated: "2024-07-02T16:05:28.323855013Z"
